
Microsoft Visual Studio Solution File, Format Version 12.00
# Visual Studio 15
VisualStudioVersion = 15.0.28307.271
MinimumVisualStudioVersion = 10.0.40219.1
Project("{FAE04EC0-301F-11D3-BF4B-00C04F79EFBC}") = "XF.MVVMBasic.Android", "XF.MVVMBasic\XF.MVVMBasic.Android\XF.MVVMBasic.Android.csproj", "{F47EC19C-45AE-4D3C-AD46-99C775EDEFFB}"
EndProject
Project("{FAE04EC0-301F-11D3-BF4B-00C04F79EFBC}") = "XF.MVVMBasic", "XF.MVVMBasic\XF.MVVMBasic\XF.MVVMBasic.csproj", "{E13F4E31-8022-4147-BC29-06F99A89BB13}"
EndProject
Global
	GlobalSection(SolutionConfigurationPlatforms) = preSolution
		Debug|Any CPU = Debug|Any CPU
		Release|Any CPU = Release|Any CPU
	EndGlobalSection
	GlobalSection(ProjectConfigurationPlatforms) = postSolution
		{F47EC19C-45AE-4D3C-AD46-99C775EDEFFB}.Debug|Any CPU.ActiveCfg = Debug|Any CPU
		{F47EC19C-45AE-4D3C-AD46-99C775EDEFFB}.Debug|Any CPU.Build.0 = Debug|Any CPU
		{F47EC19C-45AE-4D3C-AD46-99C775EDEFFB}.Debug|Any CPU.Deploy.0 = Debug|Any CPU
		{F47EC19C-45AE-4D3C-AD46-99C775EDEFFB}.Release|Any CPU.ActiveCfg = Release|Any CPU
		{F47EC19C-45AE-4D3C-AD46-99C775EDEFFB}.Release|Any CPU.Build.0 = Release|Any CPU
		{F47EC19C-45AE-4D3C-AD46-99C775EDEFFB}.Release|Any CPU.Deploy.0 = Release|Any CPU
		{E13F4E31-8022-4147-BC29-06F99A89BB13}.Debug|Any CPU.ActiveCfg = Debug|Any CPU
		{E13F4E31-8022-4147-BC29-06F99A89BB13}.Debug|Any CPU.Build.0 = Debug|Any CPU
		{E13F4E31-8022-4147-BC29-06F99A89BB13}.Debug|Any CPU.Deploy.0 = Debug|Any CPU
		{E13F4E31-8022-4147-BC29-06F99A89BB13}.Release|Any CPU.ActiveCfg = Release|Any CPU
		{E13F4E31-8022-4147-BC29-06F99A89BB13}.Release|Any CPU.Build.0 = Release|Any CPU
		{E13F4E31-8022-4147-BC29-06F99A89BB13}.Release|Any CPU.Deploy.0 = Release|Any CPU
	EndGlobalSection
	GlobalSection(SolutionProperties) = preSolution
		HideSolutionNode = FALSE
	EndGlobalSection
	GlobalSection(ExtensibilityGlobals) = postSolution
		SolutionGuid = {16BFB155-4A42-4880-BB61-29A7FCD485CF}
	EndGlobalSection
EndGlobal
