
Microsoft Visual Studio Solution File, Format Version 12.00
# Visual Studio 15
VisualStudioVersion = 15.0.28307.271
MinimumVisualStudioVersion = 10.0.40219.1
Project("{FAE04EC0-301F-11D3-BF4B-00C04F79EFBC}") = "MonkeyHub.Android", "MonkeyHub\MonkeyHub.Android\MonkeyHub.Android.csproj", "{800E3DE8-DB17-414C-ABA0-CA4B4C33FA46}"
EndProject
Project("{FAE04EC0-301F-11D3-BF4B-00C04F79EFBC}") = "MonkeyHub", "MonkeyHub\MonkeyHub\MonkeyHub.csproj", "{140074B4-8514-405E-ACA4-2E5E8907A779}"
EndProject
Global
	GlobalSection(SolutionConfigurationPlatforms) = preSolution
		Debug|Any CPU = Debug|Any CPU
		Release|Any CPU = Release|Any CPU
	EndGlobalSection
	GlobalSection(ProjectConfigurationPlatforms) = postSolution
		{800E3DE8-DB17-414C-ABA0-CA4B4C33FA46}.Debug|Any CPU.ActiveCfg = Debug|Any CPU
		{800E3DE8-DB17-414C-ABA0-CA4B4C33FA46}.Debug|Any CPU.Build.0 = Debug|Any CPU
		{800E3DE8-DB17-414C-ABA0-CA4B4C33FA46}.Debug|Any CPU.Deploy.0 = Debug|Any CPU
		{800E3DE8-DB17-414C-ABA0-CA4B4C33FA46}.Release|Any CPU.ActiveCfg = Release|Any CPU
		{800E3DE8-DB17-414C-ABA0-CA4B4C33FA46}.Release|Any CPU.Build.0 = Release|Any CPU
		{800E3DE8-DB17-414C-ABA0-CA4B4C33FA46}.Release|Any CPU.Deploy.0 = Release|Any CPU
		{140074B4-8514-405E-ACA4-2E5E8907A779}.Debug|Any CPU.ActiveCfg = Debug|Any CPU
		{140074B4-8514-405E-ACA4-2E5E8907A779}.Debug|Any CPU.Build.0 = Debug|Any CPU
		{140074B4-8514-405E-ACA4-2E5E8907A779}.Debug|Any CPU.Deploy.0 = Debug|Any CPU
		{140074B4-8514-405E-ACA4-2E5E8907A779}.Release|Any CPU.ActiveCfg = Release|Any CPU
		{140074B4-8514-405E-ACA4-2E5E8907A779}.Release|Any CPU.Build.0 = Release|Any CPU
		{140074B4-8514-405E-ACA4-2E5E8907A779}.Release|Any CPU.Deploy.0 = Release|Any CPU
	EndGlobalSection
	GlobalSection(SolutionProperties) = preSolution
		HideSolutionNode = FALSE
	EndGlobalSection
	GlobalSection(ExtensibilityGlobals) = postSolution
		SolutionGuid = {8B3AA312-7C4D-47B3-88F0-CBC298EC92A3}
	EndGlobalSection
EndGlobal
