
Microsoft Visual Studio Solution File, Format Version 12.00
# Visual Studio 15
VisualStudioVersion = 15.0.28307.271
MinimumVisualStudioVersion = 10.0.40219.1
Project("{FAE04EC0-301F-11D3-BF4B-00C04F79EFBC}") = "TP02.Android", "TP02\TP02.Android\TP02.Android.csproj", "{40F35B97-A228-40C8-B910-A7B754151946}"
EndProject
Project("{FAE04EC0-301F-11D3-BF4B-00C04F79EFBC}") = "TP02", "TP02\TP02\TP02.csproj", "{39A643A6-D86A-4CBC-9677-EAA80DA9EB5E}"
EndProject
Global
	GlobalSection(SolutionConfigurationPlatforms) = preSolution
		Debug|Any CPU = Debug|Any CPU
		Release|Any CPU = Release|Any CPU
	EndGlobalSection
	GlobalSection(ProjectConfigurationPlatforms) = postSolution
		{40F35B97-A228-40C8-B910-A7B754151946}.Debug|Any CPU.ActiveCfg = Debug|Any CPU
		{40F35B97-A228-40C8-B910-A7B754151946}.Debug|Any CPU.Build.0 = Debug|Any CPU
		{40F35B97-A228-40C8-B910-A7B754151946}.Debug|Any CPU.Deploy.0 = Debug|Any CPU
		{40F35B97-A228-40C8-B910-A7B754151946}.Release|Any CPU.ActiveCfg = Release|Any CPU
		{40F35B97-A228-40C8-B910-A7B754151946}.Release|Any CPU.Build.0 = Release|Any CPU
		{40F35B97-A228-40C8-B910-A7B754151946}.Release|Any CPU.Deploy.0 = Release|Any CPU
		{39A643A6-D86A-4CBC-9677-EAA80DA9EB5E}.Debug|Any CPU.ActiveCfg = Debug|Any CPU
		{39A643A6-D86A-4CBC-9677-EAA80DA9EB5E}.Debug|Any CPU.Build.0 = Debug|Any CPU
		{39A643A6-D86A-4CBC-9677-EAA80DA9EB5E}.Debug|Any CPU.Deploy.0 = Debug|Any CPU
		{39A643A6-D86A-4CBC-9677-EAA80DA9EB5E}.Release|Any CPU.ActiveCfg = Release|Any CPU
		{39A643A6-D86A-4CBC-9677-EAA80DA9EB5E}.Release|Any CPU.Build.0 = Release|Any CPU
		{39A643A6-D86A-4CBC-9677-EAA80DA9EB5E}.Release|Any CPU.Deploy.0 = Release|Any CPU
	EndGlobalSection
	GlobalSection(SolutionProperties) = preSolution
		HideSolutionNode = FALSE
	EndGlobalSection
	GlobalSection(ExtensibilityGlobals) = postSolution
		SolutionGuid = {5E9C475E-9E2A-410E-8EC2-5C1444481879}
	EndGlobalSection
EndGlobal
