
Microsoft Visual Studio Solution File, Format Version 12.00
# Visual Studio 15
VisualStudioVersion = 15.0.28307.329
MinimumVisualStudioVersion = 10.0.40219.1
Project("{FAE04EC0-301F-11D3-BF4B-00C04F79EFBC}") = "XFAula01.Android", "XFAula01\XFAula01.Android\XFAula01.Android.csproj", "{56A94BB8-5AF4-4ED5-ADA3-43FBF75B618F}"
EndProject
Project("{FAE04EC0-301F-11D3-BF4B-00C04F79EFBC}") = "XFAula01.iOS", "XFAula01\XFAula01.iOS\XFAula01.iOS.csproj", "{8B72B3EC-ABE3-48A5-B623-4C7C0F930031}"
EndProject
Project("{FAE04EC0-301F-11D3-BF4B-00C04F79EFBC}") = "XFAula01.UWP", "XFAula01\XFAula01.UWP\XFAula01.UWP.csproj", "{468D8DF4-010C-4DA1-A7FB-E21419C34E61}"
EndProject
Project("{FAE04EC0-301F-11D3-BF4B-00C04F79EFBC}") = "XFAula01", "XFAula01\XFAula01\XFAula01.csproj", "{5698D049-44ED-4E31-9C12-FFC18D6C380D}"
EndProject
Global
	GlobalSection(SolutionConfigurationPlatforms) = preSolution
		Ad-Hoc|Any CPU = Ad-Hoc|Any CPU
		Ad-Hoc|ARM = Ad-Hoc|ARM
		Ad-Hoc|iPhone = Ad-Hoc|iPhone
		Ad-Hoc|iPhoneSimulator = Ad-Hoc|iPhoneSimulator
		Ad-Hoc|x64 = Ad-Hoc|x64
		Ad-Hoc|x86 = Ad-Hoc|x86
		AppStore|Any CPU = AppStore|Any CPU
		AppStore|ARM = AppStore|ARM
		AppStore|iPhone = AppStore|iPhone
		AppStore|iPhoneSimulator = AppStore|iPhoneSimulator
		AppStore|x64 = AppStore|x64
		AppStore|x86 = AppStore|x86
		Debug|Any CPU = Debug|Any CPU
		Debug|ARM = Debug|ARM
		Debug|iPhone = Debug|iPhone
		Debug|iPhoneSimulator = Debug|iPhoneSimulator
		Debug|x64 = Debug|x64
		Debug|x86 = Debug|x86
		Release|Any CPU = Release|Any CPU
		Release|ARM = Release|ARM
		Release|iPhone = Release|iPhone
		Release|iPhoneSimulator = Release|iPhoneSimulator
		Release|x64 = Release|x64
		Release|x86 = Release|x86
	EndGlobalSection
	GlobalSection(ProjectConfigurationPlatforms) = postSolution
		{56A94BB8-5AF4-4ED5-ADA3-43FBF75B618F}.Ad-Hoc|Any CPU.ActiveCfg = Release|Any CPU
		{56A94BB8-5AF4-4ED5-ADA3-43FBF75B618F}.Ad-Hoc|Any CPU.Build.0 = Release|Any CPU
		{56A94BB8-5AF4-4ED5-ADA3-43FBF75B618F}.Ad-Hoc|Any CPU.Deploy.0 = Release|Any CPU
		{56A94BB8-5AF4-4ED5-ADA3-43FBF75B618F}.Ad-Hoc|ARM.ActiveCfg = Release|Any CPU
		{56A94BB8-5AF4-4ED5-ADA3-43FBF75B618F}.Ad-Hoc|ARM.Build.0 = Release|Any CPU
		{56A94BB8-5AF4-4ED5-ADA3-43FBF75B618F}.Ad-Hoc|ARM.Deploy.0 = Release|Any CPU
		{56A94BB8-5AF4-4ED5-ADA3-43FBF75B618F}.Ad-Hoc|iPhone.ActiveCfg = Release|Any CPU
		{56A94BB8-5AF4-4ED5-ADA3-43FBF75B618F}.Ad-Hoc|iPhone.Build.0 = Release|Any CPU
		{56A94BB8-5AF4-4ED5-ADA3-43FBF75B618F}.Ad-Hoc|iPhone.Deploy.0 = Release|Any CPU
		{56A94BB8-5AF4-4ED5-ADA3-43FBF75B618F}.Ad-Hoc|iPhoneSimulator.ActiveCfg = Release|Any CPU
		{56A94BB8-5AF4-4ED5-ADA3-43FBF75B618F}.Ad-Hoc|iPhoneSimulator.Build.0 = Release|Any CPU
		{56A94BB8-5AF4-4ED5-ADA3-43FBF75B618F}.Ad-Hoc|iPhoneSimulator.Deploy.0 = Release|Any CPU
		{56A94BB8-5AF4-4ED5-ADA3-43FBF75B618F}.Ad-Hoc|x64.ActiveCfg = Release|Any CPU
		{56A94BB8-5AF4-4ED5-ADA3-43FBF75B618F}.Ad-Hoc|x64.Build.0 = Release|Any CPU
		{56A94BB8-5AF4-4ED5-ADA3-43FBF75B618F}.Ad-Hoc|x64.Deploy.0 = Release|Any CPU
		{56A94BB8-5AF4-4ED5-ADA3-43FBF75B618F}.Ad-Hoc|x86.ActiveCfg = Release|Any CPU
		{56A94BB8-5AF4-4ED5-ADA3-43FBF75B618F}.Ad-Hoc|x86.Build.0 = Release|Any CPU
		{56A94BB8-5AF4-4ED5-ADA3-43FBF75B618F}.Ad-Hoc|x86.Deploy.0 = Release|Any CPU
		{56A94BB8-5AF4-4ED5-ADA3-43FBF75B618F}.AppStore|Any CPU.ActiveCfg = Release|Any CPU
		{56A94BB8-5AF4-4ED5-ADA3-43FBF75B618F}.AppStore|Any CPU.Build.0 = Release|Any CPU
		{56A94BB8-5AF4-4ED5-ADA3-43FBF75B618F}.AppStore|Any CPU.Deploy.0 = Release|Any CPU
		{56A94BB8-5AF4-4ED5-ADA3-43FBF75B618F}.AppStore|ARM.ActiveCfg = Release|Any CPU
		{56A94BB8-5AF4-4ED5-ADA3-43FBF75B618F}.AppStore|ARM.Build.0 = Release|Any CPU
		{56A94BB8-5AF4-4ED5-ADA3-43FBF75B618F}.AppStore|ARM.Deploy.0 = Release|Any CPU
		{56A94BB8-5AF4-4ED5-ADA3-43FBF75B618F}.AppStore|iPhone.ActiveCfg = Release|Any CPU
		{56A94BB8-5AF4-4ED5-ADA3-43FBF75B618F}.AppStore|iPhone.Build.0 = Release|Any CPU
		{56A94BB8-5AF4-4ED5-ADA3-43FBF75B618F}.AppStore|iPhone.Deploy.0 = Release|Any CPU
		{56A94BB8-5AF4-4ED5-ADA3-43FBF75B618F}.AppStore|iPhoneSimulator.ActiveCfg = Release|Any CPU
		{56A94BB8-5AF4-4ED5-ADA3-43FBF75B618F}.AppStore|iPhoneSimulator.Build.0 = Release|Any CPU
		{56A94BB8-5AF4-4ED5-ADA3-43FBF75B618F}.AppStore|iPhoneSimulator.Deploy.0 = Release|Any CPU
		{56A94BB8-5AF4-4ED5-ADA3-43FBF75B618F}.AppStore|x64.ActiveCfg = Release|Any CPU
		{56A94BB8-5AF4-4ED5-ADA3-43FBF75B618F}.AppStore|x64.Build.0 = Release|Any CPU
		{56A94BB8-5AF4-4ED5-ADA3-43FBF75B618F}.AppStore|x64.Deploy.0 = Release|Any CPU
		{56A94BB8-5AF4-4ED5-ADA3-43FBF75B618F}.AppStore|x86.ActiveCfg = Release|Any CPU
		{56A94BB8-5AF4-4ED5-ADA3-43FBF75B618F}.AppStore|x86.Build.0 = Release|Any CPU
		{56A94BB8-5AF4-4ED5-ADA3-43FBF75B618F}.AppStore|x86.Deploy.0 = Release|Any CPU
		{56A94BB8-5AF4-4ED5-ADA3-43FBF75B618F}.Debug|Any CPU.ActiveCfg = Debug|Any CPU
		{56A94BB8-5AF4-4ED5-ADA3-43FBF75B618F}.Debug|Any CPU.Build.0 = Debug|Any CPU
		{56A94BB8-5AF4-4ED5-ADA3-43FBF75B618F}.Debug|Any CPU.Deploy.0 = Debug|Any CPU
		{56A94BB8-5AF4-4ED5-ADA3-43FBF75B618F}.Debug|ARM.ActiveCfg = Debug|Any CPU
		{56A94BB8-5AF4-4ED5-ADA3-43FBF75B618F}.Debug|ARM.Build.0 = Debug|Any CPU
		{56A94BB8-5AF4-4ED5-ADA3-43FBF75B618F}.Debug|ARM.Deploy.0 = Debug|Any CPU
		{56A94BB8-5AF4-4ED5-ADA3-43FBF75B618F}.Debug|iPhone.ActiveCfg = Debug|Any CPU
		{56A94BB8-5AF4-4ED5-ADA3-43FBF75B618F}.Debug|iPhone.Build.0 = Debug|Any CPU
		{56A94BB8-5AF4-4ED5-ADA3-43FBF75B618F}.Debug|iPhone.Deploy.0 = Debug|Any CPU
		{56A94BB8-5AF4-4ED5-ADA3-43FBF75B618F}.Debug|iPhoneSimulator.ActiveCfg = Debug|Any CPU
		{56A94BB8-5AF4-4ED5-ADA3-43FBF75B618F}.Debug|iPhoneSimulator.Build.0 = Debug|Any CPU
		{56A94BB8-5AF4-4ED5-ADA3-43FBF75B618F}.Debug|iPhoneSimulator.Deploy.0 = Debug|Any CPU
		{56A94BB8-5AF4-4ED5-ADA3-43FBF75B618F}.Debug|x64.ActiveCfg = Debug|Any CPU
		{56A94BB8-5AF4-4ED5-ADA3-43FBF75B618F}.Debug|x64.Build.0 = Debug|Any CPU
		{56A94BB8-5AF4-4ED5-ADA3-43FBF75B618F}.Debug|x64.Deploy.0 = Debug|Any CPU
		{56A94BB8-5AF4-4ED5-ADA3-43FBF75B618F}.Debug|x86.ActiveCfg = Debug|Any CPU
		{56A94BB8-5AF4-4ED5-ADA3-43FBF75B618F}.Debug|x86.Build.0 = Debug|Any CPU
		{56A94BB8-5AF4-4ED5-ADA3-43FBF75B618F}.Debug|x86.Deploy.0 = Debug|Any CPU
		{56A94BB8-5AF4-4ED5-ADA3-43FBF75B618F}.Release|Any CPU.ActiveCfg = Release|Any CPU
		{56A94BB8-5AF4-4ED5-ADA3-43FBF75B618F}.Release|Any CPU.Build.0 = Release|Any CPU
		{56A94BB8-5AF4-4ED5-ADA3-43FBF75B618F}.Release|Any CPU.Deploy.0 = Release|Any CPU
		{56A94BB8-5AF4-4ED5-ADA3-43FBF75B618F}.Release|ARM.ActiveCfg = Release|Any CPU
		{56A94BB8-5AF4-4ED5-ADA3-43FBF75B618F}.Release|ARM.Build.0 = Release|Any CPU
		{56A94BB8-5AF4-4ED5-ADA3-43FBF75B618F}.Release|ARM.Deploy.0 = Release|Any CPU
		{56A94BB8-5AF4-4ED5-ADA3-43FBF75B618F}.Release|iPhone.ActiveCfg = Release|Any CPU
		{56A94BB8-5AF4-4ED5-ADA3-43FBF75B618F}.Release|iPhone.Build.0 = Release|Any CPU
		{56A94BB8-5AF4-4ED5-ADA3-43FBF75B618F}.Release|iPhone.Deploy.0 = Release|Any CPU
		{56A94BB8-5AF4-4ED5-ADA3-43FBF75B618F}.Release|iPhoneSimulator.ActiveCfg = Release|Any CPU
		{56A94BB8-5AF4-4ED5-ADA3-43FBF75B618F}.Release|iPhoneSimulator.Build.0 = Release|Any CPU
		{56A94BB8-5AF4-4ED5-ADA3-43FBF75B618F}.Release|iPhoneSimulator.Deploy.0 = Release|Any CPU
		{56A94BB8-5AF4-4ED5-ADA3-43FBF75B618F}.Release|x64.ActiveCfg = Release|Any CPU
		{56A94BB8-5AF4-4ED5-ADA3-43FBF75B618F}.Release|x64.Build.0 = Release|Any CPU
		{56A94BB8-5AF4-4ED5-ADA3-43FBF75B618F}.Release|x64.Deploy.0 = Release|Any CPU
		{56A94BB8-5AF4-4ED5-ADA3-43FBF75B618F}.Release|x86.ActiveCfg = Release|Any CPU
		{56A94BB8-5AF4-4ED5-ADA3-43FBF75B618F}.Release|x86.Build.0 = Release|Any CPU
		{56A94BB8-5AF4-4ED5-ADA3-43FBF75B618F}.Release|x86.Deploy.0 = Release|Any CPU
		{8B72B3EC-ABE3-48A5-B623-4C7C0F930031}.Ad-Hoc|Any CPU.ActiveCfg = Ad-Hoc|iPhone
		{8B72B3EC-ABE3-48A5-B623-4C7C0F930031}.Ad-Hoc|Any CPU.Build.0 = Ad-Hoc|iPhone
		{8B72B3EC-ABE3-48A5-B623-4C7C0F930031}.Ad-Hoc|Any CPU.Deploy.0 = Ad-Hoc|iPhone
		{8B72B3EC-ABE3-48A5-B623-4C7C0F930031}.Ad-Hoc|ARM.ActiveCfg = Ad-Hoc|iPhone
		{8B72B3EC-ABE3-48A5-B623-4C7C0F930031}.Ad-Hoc|ARM.Build.0 = Ad-Hoc|iPhone
		{8B72B3EC-ABE3-48A5-B623-4C7C0F930031}.Ad-Hoc|ARM.Deploy.0 = Ad-Hoc|iPhone
		{8B72B3EC-ABE3-48A5-B623-4C7C0F930031}.Ad-Hoc|iPhone.ActiveCfg = Ad-Hoc|iPhone
		{8B72B3EC-ABE3-48A5-B623-4C7C0F930031}.Ad-Hoc|iPhone.Build.0 = Ad-Hoc|iPhone
		{8B72B3EC-ABE3-48A5-B623-4C7C0F930031}.Ad-Hoc|iPhone.Deploy.0 = Ad-Hoc|iPhone
		{8B72B3EC-ABE3-48A5-B623-4C7C0F930031}.Ad-Hoc|iPhoneSimulator.ActiveCfg = Ad-Hoc|iPhoneSimulator
		{8B72B3EC-ABE3-48A5-B623-4C7C0F930031}.Ad-Hoc|iPhoneSimulator.Build.0 = Ad-Hoc|iPhoneSimulator
		{8B72B3EC-ABE3-48A5-B623-4C7C0F930031}.Ad-Hoc|iPhoneSimulator.Deploy.0 = Ad-Hoc|iPhoneSimulator
		{8B72B3EC-ABE3-48A5-B623-4C7C0F930031}.Ad-Hoc|x64.ActiveCfg = Ad-Hoc|iPhone
		{8B72B3EC-ABE3-48A5-B623-4C7C0F930031}.Ad-Hoc|x64.Build.0 = Ad-Hoc|iPhone
		{8B72B3EC-ABE3-48A5-B623-4C7C0F930031}.Ad-Hoc|x64.Deploy.0 = Ad-Hoc|iPhone
		{8B72B3EC-ABE3-48A5-B623-4C7C0F930031}.Ad-Hoc|x86.ActiveCfg = Ad-Hoc|iPhone
		{8B72B3EC-ABE3-48A5-B623-4C7C0F930031}.Ad-Hoc|x86.Build.0 = Ad-Hoc|iPhone
		{8B72B3EC-ABE3-48A5-B623-4C7C0F930031}.Ad-Hoc|x86.Deploy.0 = Ad-Hoc|iPhone
		{8B72B3EC-ABE3-48A5-B623-4C7C0F930031}.AppStore|Any CPU.ActiveCfg = AppStore|iPhone
		{8B72B3EC-ABE3-48A5-B623-4C7C0F930031}.AppStore|Any CPU.Build.0 = AppStore|iPhone
		{8B72B3EC-ABE3-48A5-B623-4C7C0F930031}.AppStore|Any CPU.Deploy.0 = AppStore|iPhone
		{8B72B3EC-ABE3-48A5-B623-4C7C0F930031}.AppStore|ARM.ActiveCfg = AppStore|iPhone
		{8B72B3EC-ABE3-48A5-B623-4C7C0F930031}.AppStore|ARM.Build.0 = AppStore|iPhone
		{8B72B3EC-ABE3-48A5-B623-4C7C0F930031}.AppStore|ARM.Deploy.0 = AppStore|iPhone
		{8B72B3EC-ABE3-48A5-B623-4C7C0F930031}.AppStore|iPhone.ActiveCfg = AppStore|iPhone
		{8B72B3EC-ABE3-48A5-B623-4C7C0F930031}.AppStore|iPhone.Build.0 = AppStore|iPhone
		{8B72B3EC-ABE3-48A5-B623-4C7C0F930031}.AppStore|iPhone.Deploy.0 = AppStore|iPhone
		{8B72B3EC-ABE3-48A5-B623-4C7C0F930031}.AppStore|iPhoneSimulator.ActiveCfg = AppStore|iPhoneSimulator
		{8B72B3EC-ABE3-48A5-B623-4C7C0F930031}.AppStore|iPhoneSimulator.Build.0 = AppStore|iPhoneSimulator
		{8B72B3EC-ABE3-48A5-B623-4C7C0F930031}.AppStore|iPhoneSimulator.Deploy.0 = AppStore|iPhoneSimulator
		{8B72B3EC-ABE3-48A5-B623-4C7C0F930031}.AppStore|x64.ActiveCfg = AppStore|iPhone
		{8B72B3EC-ABE3-48A5-B623-4C7C0F930031}.AppStore|x64.Build.0 = AppStore|iPhone
		{8B72B3EC-ABE3-48A5-B623-4C7C0F930031}.AppStore|x64.Deploy.0 = AppStore|iPhone
		{8B72B3EC-ABE3-48A5-B623-4C7C0F930031}.AppStore|x86.ActiveCfg = AppStore|iPhone
		{8B72B3EC-ABE3-48A5-B623-4C7C0F930031}.AppStore|x86.Build.0 = AppStore|iPhone
		{8B72B3EC-ABE3-48A5-B623-4C7C0F930031}.AppStore|x86.Deploy.0 = AppStore|iPhone
		{8B72B3EC-ABE3-48A5-B623-4C7C0F930031}.Debug|Any CPU.ActiveCfg = Debug|iPhoneSimulator
		{8B72B3EC-ABE3-48A5-B623-4C7C0F930031}.Debug|Any CPU.Build.0 = Debug|iPhoneSimulator
		{8B72B3EC-ABE3-48A5-B623-4C7C0F930031}.Debug|Any CPU.Deploy.0 = Debug|iPhoneSimulator
		{8B72B3EC-ABE3-48A5-B623-4C7C0F930031}.Debug|ARM.ActiveCfg = Debug|iPhone
		{8B72B3EC-ABE3-48A5-B623-4C7C0F930031}.Debug|ARM.Build.0 = Debug|iPhone
		{8B72B3EC-ABE3-48A5-B623-4C7C0F930031}.Debug|ARM.Deploy.0 = Debug|iPhone
		{8B72B3EC-ABE3-48A5-B623-4C7C0F930031}.Debug|iPhone.ActiveCfg = Debug|iPhone
		{8B72B3EC-ABE3-48A5-B623-4C7C0F930031}.Debug|iPhone.Build.0 = Debug|iPhone
		{8B72B3EC-ABE3-48A5-B623-4C7C0F930031}.Debug|iPhone.Deploy.0 = Debug|iPhone
		{8B72B3EC-ABE3-48A5-B623-4C7C0F930031}.Debug|iPhoneSimulator.ActiveCfg = Debug|iPhoneSimulator
		{8B72B3EC-ABE3-48A5-B623-4C7C0F930031}.Debug|iPhoneSimulator.Build.0 = Debug|iPhoneSimulator
		{8B72B3EC-ABE3-48A5-B623-4C7C0F930031}.Debug|iPhoneSimulator.Deploy.0 = Debug|iPhoneSimulator
		{8B72B3EC-ABE3-48A5-B623-4C7C0F930031}.Debug|x64.ActiveCfg = Debug|iPhone
		{8B72B3EC-ABE3-48A5-B623-4C7C0F930031}.Debug|x64.Build.0 = Debug|iPhone
		{8B72B3EC-ABE3-48A5-B623-4C7C0F930031}.Debug|x64.Deploy.0 = Debug|iPhone
		{8B72B3EC-ABE3-48A5-B623-4C7C0F930031}.Debug|x86.ActiveCfg = Debug|iPhone
		{8B72B3EC-ABE3-48A5-B623-4C7C0F930031}.Debug|x86.Build.0 = Debug|iPhone
		{8B72B3EC-ABE3-48A5-B623-4C7C0F930031}.Debug|x86.Deploy.0 = Debug|iPhone
		{8B72B3EC-ABE3-48A5-B623-4C7C0F930031}.Release|Any CPU.ActiveCfg = Release|iPhone
		{8B72B3EC-ABE3-48A5-B623-4C7C0F930031}.Release|Any CPU.Build.0 = Release|iPhone
		{8B72B3EC-ABE3-48A5-B623-4C7C0F930031}.Release|Any CPU.Deploy.0 = Release|iPhone
		{8B72B3EC-ABE3-48A5-B623-4C7C0F930031}.Release|ARM.ActiveCfg = Release|iPhone
		{8B72B3EC-ABE3-48A5-B623-4C7C0F930031}.Release|ARM.Build.0 = Release|iPhone
		{8B72B3EC-ABE3-48A5-B623-4C7C0F930031}.Release|ARM.Deploy.0 = Release|iPhone
		{8B72B3EC-ABE3-48A5-B623-4C7C0F930031}.Release|iPhone.ActiveCfg = Release|iPhone
		{8B72B3EC-ABE3-48A5-B623-4C7C0F930031}.Release|iPhone.Build.0 = Release|iPhone
		{8B72B3EC-ABE3-48A5-B623-4C7C0F930031}.Release|iPhone.Deploy.0 = Release|iPhone
		{8B72B3EC-ABE3-48A5-B623-4C7C0F930031}.Release|iPhoneSimulator.ActiveCfg = Release|iPhoneSimulator
		{8B72B3EC-ABE3-48A5-B623-4C7C0F930031}.Release|iPhoneSimulator.Build.0 = Release|iPhoneSimulator
		{8B72B3EC-ABE3-48A5-B623-4C7C0F930031}.Release|iPhoneSimulator.Deploy.0 = Release|iPhoneSimulator
		{8B72B3EC-ABE3-48A5-B623-4C7C0F930031}.Release|x64.ActiveCfg = Release|iPhone
		{8B72B3EC-ABE3-48A5-B623-4C7C0F930031}.Release|x64.Build.0 = Release|iPhone
		{8B72B3EC-ABE3-48A5-B623-4C7C0F930031}.Release|x64.Deploy.0 = Release|iPhone
		{8B72B3EC-ABE3-48A5-B623-4C7C0F930031}.Release|x86.ActiveCfg = Release|iPhone
		{8B72B3EC-ABE3-48A5-B623-4C7C0F930031}.Release|x86.Build.0 = Release|iPhone
		{8B72B3EC-ABE3-48A5-B623-4C7C0F930031}.Release|x86.Deploy.0 = Release|iPhone
		{468D8DF4-010C-4DA1-A7FB-E21419C34E61}.Ad-Hoc|Any CPU.ActiveCfg = Release|x86
		{468D8DF4-010C-4DA1-A7FB-E21419C34E61}.Ad-Hoc|Any CPU.Build.0 = Release|x86
		{468D8DF4-010C-4DA1-A7FB-E21419C34E61}.Ad-Hoc|Any CPU.Deploy.0 = Release|x86
		{468D8DF4-010C-4DA1-A7FB-E21419C34E61}.Ad-Hoc|ARM.ActiveCfg = Release|ARM
		{468D8DF4-010C-4DA1-A7FB-E21419C34E61}.Ad-Hoc|ARM.Build.0 = Release|ARM
		{468D8DF4-010C-4DA1-A7FB-E21419C34E61}.Ad-Hoc|ARM.Deploy.0 = Release|ARM
		{468D8DF4-010C-4DA1-A7FB-E21419C34E61}.Ad-Hoc|iPhone.ActiveCfg = Release|x86
		{468D8DF4-010C-4DA1-A7FB-E21419C34E61}.Ad-Hoc|iPhone.Build.0 = Release|x86
		{468D8DF4-010C-4DA1-A7FB-E21419C34E61}.Ad-Hoc|iPhone.Deploy.0 = Release|x86
		{468D8DF4-010C-4DA1-A7FB-E21419C34E61}.Ad-Hoc|iPhoneSimulator.ActiveCfg = Release|x86
		{468D8DF4-010C-4DA1-A7FB-E21419C34E61}.Ad-Hoc|iPhoneSimulator.Build.0 = Release|x86
		{468D8DF4-010C-4DA1-A7FB-E21419C34E61}.Ad-Hoc|iPhoneSimulator.Deploy.0 = Release|x86
		{468D8DF4-010C-4DA1-A7FB-E21419C34E61}.Ad-Hoc|x64.ActiveCfg = Release|x64
		{468D8DF4-010C-4DA1-A7FB-E21419C34E61}.Ad-Hoc|x64.Build.0 = Release|x64
		{468D8DF4-010C-4DA1-A7FB-E21419C34E61}.Ad-Hoc|x64.Deploy.0 = Release|x64
		{468D8DF4-010C-4DA1-A7FB-E21419C34E61}.Ad-Hoc|x86.ActiveCfg = Release|x86
		{468D8DF4-010C-4DA1-A7FB-E21419C34E61}.Ad-Hoc|x86.Build.0 = Release|x86
		{468D8DF4-010C-4DA1-A7FB-E21419C34E61}.Ad-Hoc|x86.Deploy.0 = Release|x86
		{468D8DF4-010C-4DA1-A7FB-E21419C34E61}.AppStore|Any CPU.ActiveCfg = Release|x86
		{468D8DF4-010C-4DA1-A7FB-E21419C34E61}.AppStore|Any CPU.Build.0 = Release|x86
		{468D8DF4-010C-4DA1-A7FB-E21419C34E61}.AppStore|Any CPU.Deploy.0 = Release|x86
		{468D8DF4-010C-4DA1-A7FB-E21419C34E61}.AppStore|ARM.ActiveCfg = Release|ARM
		{468D8DF4-010C-4DA1-A7FB-E21419C34E61}.AppStore|ARM.Build.0 = Release|ARM
		{468D8DF4-010C-4DA1-A7FB-E21419C34E61}.AppStore|ARM.Deploy.0 = Release|ARM
		{468D8DF4-010C-4DA1-A7FB-E21419C34E61}.AppStore|iPhone.ActiveCfg = Release|x86
		{468D8DF4-010C-4DA1-A7FB-E21419C34E61}.AppStore|iPhone.Build.0 = Release|x86
		{468D8DF4-010C-4DA1-A7FB-E21419C34E61}.AppStore|iPhone.Deploy.0 = Release|x86
		{468D8DF4-010C-4DA1-A7FB-E21419C34E61}.AppStore|iPhoneSimulator.ActiveCfg = Release|x86
		{468D8DF4-010C-4DA1-A7FB-E21419C34E61}.AppStore|iPhoneSimulator.Build.0 = Release|x86
		{468D8DF4-010C-4DA1-A7FB-E21419C34E61}.AppStore|iPhoneSimulator.Deploy.0 = Release|x86
		{468D8DF4-010C-4DA1-A7FB-E21419C34E61}.AppStore|x64.ActiveCfg = Release|x64
		{468D8DF4-010C-4DA1-A7FB-E21419C34E61}.AppStore|x64.Build.0 = Release|x64
		{468D8DF4-010C-4DA1-A7FB-E21419C34E61}.AppStore|x64.Deploy.0 = Release|x64
		{468D8DF4-010C-4DA1-A7FB-E21419C34E61}.AppStore|x86.ActiveCfg = Release|x86
		{468D8DF4-010C-4DA1-A7FB-E21419C34E61}.AppStore|x86.Build.0 = Release|x86
		{468D8DF4-010C-4DA1-A7FB-E21419C34E61}.AppStore|x86.Deploy.0 = Release|x86
		{468D8DF4-010C-4DA1-A7FB-E21419C34E61}.Debug|Any CPU.ActiveCfg = Debug|x86
		{468D8DF4-010C-4DA1-A7FB-E21419C34E61}.Debug|Any CPU.Build.0 = Debug|x86
		{468D8DF4-010C-4DA1-A7FB-E21419C34E61}.Debug|Any CPU.Deploy.0 = Debug|x86
		{468D8DF4-010C-4DA1-A7FB-E21419C34E61}.Debug|ARM.ActiveCfg = Debug|ARM
		{468D8DF4-010C-4DA1-A7FB-E21419C34E61}.Debug|ARM.Build.0 = Debug|ARM
		{468D8DF4-010C-4DA1-A7FB-E21419C34E61}.Debug|ARM.Deploy.0 = Debug|ARM
		{468D8DF4-010C-4DA1-A7FB-E21419C34E61}.Debug|iPhone.ActiveCfg = Debug|x86
		{468D8DF4-010C-4DA1-A7FB-E21419C34E61}.Debug|iPhone.Build.0 = Debug|x86
		{468D8DF4-010C-4DA1-A7FB-E21419C34E61}.Debug|iPhone.Deploy.0 = Debug|x86
		{468D8DF4-010C-4DA1-A7FB-E21419C34E61}.Debug|iPhoneSimulator.ActiveCfg = Debug|x86
		{468D8DF4-010C-4DA1-A7FB-E21419C34E61}.Debug|iPhoneSimulator.Build.0 = Debug|x86
		{468D8DF4-010C-4DA1-A7FB-E21419C34E61}.Debug|iPhoneSimulator.Deploy.0 = Debug|x86
		{468D8DF4-010C-4DA1-A7FB-E21419C34E61}.Debug|x64.ActiveCfg = Debug|x64
		{468D8DF4-010C-4DA1-A7FB-E21419C34E61}.Debug|x64.Build.0 = Debug|x64
		{468D8DF4-010C-4DA1-A7FB-E21419C34E61}.Debug|x64.Deploy.0 = Debug|x64
		{468D8DF4-010C-4DA1-A7FB-E21419C34E61}.Debug|x86.ActiveCfg = Debug|x86
		{468D8DF4-010C-4DA1-A7FB-E21419C34E61}.Debug|x86.Build.0 = Debug|x86
		{468D8DF4-010C-4DA1-A7FB-E21419C34E61}.Debug|x86.Deploy.0 = Debug|x86
		{468D8DF4-010C-4DA1-A7FB-E21419C34E61}.Release|Any CPU.ActiveCfg = Release|x86
		{468D8DF4-010C-4DA1-A7FB-E21419C34E61}.Release|Any CPU.Build.0 = Release|x86
		{468D8DF4-010C-4DA1-A7FB-E21419C34E61}.Release|Any CPU.Deploy.0 = Release|x86
		{468D8DF4-010C-4DA1-A7FB-E21419C34E61}.Release|ARM.ActiveCfg = Release|ARM
		{468D8DF4-010C-4DA1-A7FB-E21419C34E61}.Release|ARM.Build.0 = Release|ARM
		{468D8DF4-010C-4DA1-A7FB-E21419C34E61}.Release|ARM.Deploy.0 = Release|ARM
		{468D8DF4-010C-4DA1-A7FB-E21419C34E61}.Release|iPhone.ActiveCfg = Release|x86
		{468D8DF4-010C-4DA1-A7FB-E21419C34E61}.Release|iPhone.Build.0 = Release|x86
		{468D8DF4-010C-4DA1-A7FB-E21419C34E61}.Release|iPhone.Deploy.0 = Release|x86
		{468D8DF4-010C-4DA1-A7FB-E21419C34E61}.Release|iPhoneSimulator.ActiveCfg = Release|x86
		{468D8DF4-010C-4DA1-A7FB-E21419C34E61}.Release|iPhoneSimulator.Build.0 = Release|x86
		{468D8DF4-010C-4DA1-A7FB-E21419C34E61}.Release|iPhoneSimulator.Deploy.0 = Release|x86
		{468D8DF4-010C-4DA1-A7FB-E21419C34E61}.Release|x64.ActiveCfg = Release|x64
		{468D8DF4-010C-4DA1-A7FB-E21419C34E61}.Release|x64.Build.0 = Release|x64
		{468D8DF4-010C-4DA1-A7FB-E21419C34E61}.Release|x64.Deploy.0 = Release|x64
		{468D8DF4-010C-4DA1-A7FB-E21419C34E61}.Release|x86.ActiveCfg = Release|x86
		{468D8DF4-010C-4DA1-A7FB-E21419C34E61}.Release|x86.Build.0 = Release|x86
		{468D8DF4-010C-4DA1-A7FB-E21419C34E61}.Release|x86.Deploy.0 = Release|x86
		{5698D049-44ED-4E31-9C12-FFC18D6C380D}.Ad-Hoc|Any CPU.ActiveCfg = Debug|Any CPU
		{5698D049-44ED-4E31-9C12-FFC18D6C380D}.Ad-Hoc|Any CPU.Build.0 = Debug|Any CPU
		{5698D049-44ED-4E31-9C12-FFC18D6C380D}.Ad-Hoc|Any CPU.Deploy.0 = Debug|Any CPU
		{5698D049-44ED-4E31-9C12-FFC18D6C380D}.Ad-Hoc|ARM.ActiveCfg = Debug|Any CPU
		{5698D049-44ED-4E31-9C12-FFC18D6C380D}.Ad-Hoc|ARM.Build.0 = Debug|Any CPU
		{5698D049-44ED-4E31-9C12-FFC18D6C380D}.Ad-Hoc|ARM.Deploy.0 = Debug|Any CPU
		{5698D049-44ED-4E31-9C12-FFC18D6C380D}.Ad-Hoc|iPhone.ActiveCfg = Debug|Any CPU
		{5698D049-44ED-4E31-9C12-FFC18D6C380D}.Ad-Hoc|iPhone.Build.0 = Debug|Any CPU
		{5698D049-44ED-4E31-9C12-FFC18D6C380D}.Ad-Hoc|iPhone.Deploy.0 = Debug|Any CPU
		{5698D049-44ED-4E31-9C12-FFC18D6C380D}.Ad-Hoc|iPhoneSimulator.ActiveCfg = Debug|Any CPU
		{5698D049-44ED-4E31-9C12-FFC18D6C380D}.Ad-Hoc|iPhoneSimulator.Build.0 = Debug|Any CPU
		{5698D049-44ED-4E31-9C12-FFC18D6C380D}.Ad-Hoc|iPhoneSimulator.Deploy.0 = Debug|Any CPU
		{5698D049-44ED-4E31-9C12-FFC18D6C380D}.Ad-Hoc|x64.ActiveCfg = Debug|Any CPU
		{5698D049-44ED-4E31-9C12-FFC18D6C380D}.Ad-Hoc|x64.Build.0 = Debug|Any CPU
		{5698D049-44ED-4E31-9C12-FFC18D6C380D}.Ad-Hoc|x64.Deploy.0 = Debug|Any CPU
		{5698D049-44ED-4E31-9C12-FFC18D6C380D}.Ad-Hoc|x86.ActiveCfg = Debug|Any CPU
		{5698D049-44ED-4E31-9C12-FFC18D6C380D}.Ad-Hoc|x86.Build.0 = Debug|Any CPU
		{5698D049-44ED-4E31-9C12-FFC18D6C380D}.Ad-Hoc|x86.Deploy.0 = Debug|Any CPU
		{5698D049-44ED-4E31-9C12-FFC18D6C380D}.AppStore|Any CPU.ActiveCfg = Debug|Any CPU
		{5698D049-44ED-4E31-9C12-FFC18D6C380D}.AppStore|Any CPU.Build.0 = Debug|Any CPU
		{5698D049-44ED-4E31-9C12-FFC18D6C380D}.AppStore|Any CPU.Deploy.0 = Debug|Any CPU
		{5698D049-44ED-4E31-9C12-FFC18D6C380D}.AppStore|ARM.ActiveCfg = Debug|Any CPU
		{5698D049-44ED-4E31-9C12-FFC18D6C380D}.AppStore|ARM.Build.0 = Debug|Any CPU
		{5698D049-44ED-4E31-9C12-FFC18D6C380D}.AppStore|ARM.Deploy.0 = Debug|Any CPU
		{5698D049-44ED-4E31-9C12-FFC18D6C380D}.AppStore|iPhone.ActiveCfg = Debug|Any CPU
		{5698D049-44ED-4E31-9C12-FFC18D6C380D}.AppStore|iPhone.Build.0 = Debug|Any CPU
		{5698D049-44ED-4E31-9C12-FFC18D6C380D}.AppStore|iPhone.Deploy.0 = Debug|Any CPU
		{5698D049-44ED-4E31-9C12-FFC18D6C380D}.AppStore|iPhoneSimulator.ActiveCfg = Debug|Any CPU
		{5698D049-44ED-4E31-9C12-FFC18D6C380D}.AppStore|iPhoneSimulator.Build.0 = Debug|Any CPU
		{5698D049-44ED-4E31-9C12-FFC18D6C380D}.AppStore|iPhoneSimulator.Deploy.0 = Debug|Any CPU
		{5698D049-44ED-4E31-9C12-FFC18D6C380D}.AppStore|x64.ActiveCfg = Debug|Any CPU
		{5698D049-44ED-4E31-9C12-FFC18D6C380D}.AppStore|x64.Build.0 = Debug|Any CPU
		{5698D049-44ED-4E31-9C12-FFC18D6C380D}.AppStore|x64.Deploy.0 = Debug|Any CPU
		{5698D049-44ED-4E31-9C12-FFC18D6C380D}.AppStore|x86.ActiveCfg = Debug|Any CPU
		{5698D049-44ED-4E31-9C12-FFC18D6C380D}.AppStore|x86.Build.0 = Debug|Any CPU
		{5698D049-44ED-4E31-9C12-FFC18D6C380D}.AppStore|x86.Deploy.0 = Debug|Any CPU
		{5698D049-44ED-4E31-9C12-FFC18D6C380D}.Debug|Any CPU.ActiveCfg = Debug|Any CPU
		{5698D049-44ED-4E31-9C12-FFC18D6C380D}.Debug|Any CPU.Build.0 = Debug|Any CPU
		{5698D049-44ED-4E31-9C12-FFC18D6C380D}.Debug|Any CPU.Deploy.0 = Debug|Any CPU
		{5698D049-44ED-4E31-9C12-FFC18D6C380D}.Debug|ARM.ActiveCfg = Debug|Any CPU
		{5698D049-44ED-4E31-9C12-FFC18D6C380D}.Debug|ARM.Build.0 = Debug|Any CPU
		{5698D049-44ED-4E31-9C12-FFC18D6C380D}.Debug|ARM.Deploy.0 = Debug|Any CPU
		{5698D049-44ED-4E31-9C12-FFC18D6C380D}.Debug|iPhone.ActiveCfg = Debug|Any CPU
		{5698D049-44ED-4E31-9C12-FFC18D6C380D}.Debug|iPhone.Build.0 = Debug|Any CPU
		{5698D049-44ED-4E31-9C12-FFC18D6C380D}.Debug|iPhone.Deploy.0 = Debug|Any CPU
		{5698D049-44ED-4E31-9C12-FFC18D6C380D}.Debug|iPhoneSimulator.ActiveCfg = Debug|Any CPU
		{5698D049-44ED-4E31-9C12-FFC18D6C380D}.Debug|iPhoneSimulator.Build.0 = Debug|Any CPU
		{5698D049-44ED-4E31-9C12-FFC18D6C380D}.Debug|iPhoneSimulator.Deploy.0 = Debug|Any CPU
		{5698D049-44ED-4E31-9C12-FFC18D6C380D}.Debug|x64.ActiveCfg = Debug|Any CPU
		{5698D049-44ED-4E31-9C12-FFC18D6C380D}.Debug|x64.Build.0 = Debug|Any CPU
		{5698D049-44ED-4E31-9C12-FFC18D6C380D}.Debug|x64.Deploy.0 = Debug|Any CPU
		{5698D049-44ED-4E31-9C12-FFC18D6C380D}.Debug|x86.ActiveCfg = Debug|Any CPU
		{5698D049-44ED-4E31-9C12-FFC18D6C380D}.Debug|x86.Build.0 = Debug|Any CPU
		{5698D049-44ED-4E31-9C12-FFC18D6C380D}.Debug|x86.Deploy.0 = Debug|Any CPU
		{5698D049-44ED-4E31-9C12-FFC18D6C380D}.Release|Any CPU.ActiveCfg = Release|Any CPU
		{5698D049-44ED-4E31-9C12-FFC18D6C380D}.Release|Any CPU.Build.0 = Release|Any CPU
		{5698D049-44ED-4E31-9C12-FFC18D6C380D}.Release|Any CPU.Deploy.0 = Release|Any CPU
		{5698D049-44ED-4E31-9C12-FFC18D6C380D}.Release|ARM.ActiveCfg = Release|Any CPU
		{5698D049-44ED-4E31-9C12-FFC18D6C380D}.Release|ARM.Build.0 = Release|Any CPU
		{5698D049-44ED-4E31-9C12-FFC18D6C380D}.Release|ARM.Deploy.0 = Release|Any CPU
		{5698D049-44ED-4E31-9C12-FFC18D6C380D}.Release|iPhone.ActiveCfg = Release|Any CPU
		{5698D049-44ED-4E31-9C12-FFC18D6C380D}.Release|iPhone.Build.0 = Release|Any CPU
		{5698D049-44ED-4E31-9C12-FFC18D6C380D}.Release|iPhone.Deploy.0 = Release|Any CPU
		{5698D049-44ED-4E31-9C12-FFC18D6C380D}.Release|iPhoneSimulator.ActiveCfg = Release|Any CPU
		{5698D049-44ED-4E31-9C12-FFC18D6C380D}.Release|iPhoneSimulator.Build.0 = Release|Any CPU
		{5698D049-44ED-4E31-9C12-FFC18D6C380D}.Release|iPhoneSimulator.Deploy.0 = Release|Any CPU
		{5698D049-44ED-4E31-9C12-FFC18D6C380D}.Release|x64.ActiveCfg = Release|Any CPU
		{5698D049-44ED-4E31-9C12-FFC18D6C380D}.Release|x64.Build.0 = Release|Any CPU
		{5698D049-44ED-4E31-9C12-FFC18D6C380D}.Release|x64.Deploy.0 = Release|Any CPU
		{5698D049-44ED-4E31-9C12-FFC18D6C380D}.Release|x86.ActiveCfg = Release|Any CPU
		{5698D049-44ED-4E31-9C12-FFC18D6C380D}.Release|x86.Build.0 = Release|Any CPU
		{5698D049-44ED-4E31-9C12-FFC18D6C380D}.Release|x86.Deploy.0 = Release|Any CPU
	EndGlobalSection
	GlobalSection(SolutionProperties) = preSolution
		HideSolutionNode = FALSE
	EndGlobalSection
	GlobalSection(ExtensibilityGlobals) = postSolution
		SolutionGuid = {90E26B60-DCC8-44E7-B875-3F84C546BA6A}
	EndGlobalSection
EndGlobal
