
Microsoft Visual Studio Solution File, Format Version 12.00
# Visual Studio 15
VisualStudioVersion = 15.0.28307.572
MinimumVisualStudioVersion = 10.0.40219.1
Project("{FAE04EC0-301F-11D3-BF4B-00C04F79EFBC}") = "WeatherApp.Android", "WeatherApp\WeatherApp.Android\WeatherApp.Android.csproj", "{9CA35100-1B3B-4378-ACD3-73E078C60C71}"
EndProject
Project("{FAE04EC0-301F-11D3-BF4B-00C04F79EFBC}") = "WeatherApp", "WeatherApp\WeatherApp\WeatherApp.csproj", "{71E33856-899D-46F0-9D16-48A39018601B}"
EndProject
Global
	GlobalSection(SolutionConfigurationPlatforms) = preSolution
		Debug|Any CPU = Debug|Any CPU
		Release|Any CPU = Release|Any CPU
	EndGlobalSection
	GlobalSection(ProjectConfigurationPlatforms) = postSolution
		{9CA35100-1B3B-4378-ACD3-73E078C60C71}.Debug|Any CPU.ActiveCfg = Debug|Any CPU
		{9CA35100-1B3B-4378-ACD3-73E078C60C71}.Debug|Any CPU.Build.0 = Debug|Any CPU
		{9CA35100-1B3B-4378-ACD3-73E078C60C71}.Debug|Any CPU.Deploy.0 = Debug|Any CPU
		{9CA35100-1B3B-4378-ACD3-73E078C60C71}.Release|Any CPU.ActiveCfg = Release|Any CPU
		{9CA35100-1B3B-4378-ACD3-73E078C60C71}.Release|Any CPU.Build.0 = Release|Any CPU
		{9CA35100-1B3B-4378-ACD3-73E078C60C71}.Release|Any CPU.Deploy.0 = Release|Any CPU
		{71E33856-899D-46F0-9D16-48A39018601B}.Debug|Any CPU.ActiveCfg = Debug|Any CPU
		{71E33856-899D-46F0-9D16-48A39018601B}.Debug|Any CPU.Build.0 = Debug|Any CPU
		{71E33856-899D-46F0-9D16-48A39018601B}.Debug|Any CPU.Deploy.0 = Debug|Any CPU
		{71E33856-899D-46F0-9D16-48A39018601B}.Release|Any CPU.ActiveCfg = Release|Any CPU
		{71E33856-899D-46F0-9D16-48A39018601B}.Release|Any CPU.Build.0 = Release|Any CPU
		{71E33856-899D-46F0-9D16-48A39018601B}.Release|Any CPU.Deploy.0 = Release|Any CPU
	EndGlobalSection
	GlobalSection(SolutionProperties) = preSolution
		HideSolutionNode = FALSE
	EndGlobalSection
	GlobalSection(ExtensibilityGlobals) = postSolution
		SolutionGuid = {887DA914-1605-44BE-AD5A-89E049503705}
	EndGlobalSection
EndGlobal
